{
  "name": "nodejs",
  "version": "1.0.0",
  "lockfileVersion": 1,
  "requires": true,
  "dependencies": {
    "@types/color-name": {
      "version": "1.1.1",
      "resolved": "https://registry.npmjs.org/@types/color-name/-/color-name-1.1.1.tgz",
      "integrity": "sha512-rr+OQyAjxze7GgWrSaJwydHStIhHq2lvY3BOC2Mj7KnzI7XK0Uw1TOOdI9lDoajEbSWLiYgoo4f1R51erQfhPQ=="
    },
    "ansi-styles": {
      "version": "4.2.1",
      "resolved": "https://registry.npmjs.org/ansi-styles/-/ansi-styles-4.2.1.tgz",
      "integrity": "sha512-9VGjrMsG1vePxcSweQsN20KY/c4zN0h9fLjqAbwbPfahM3t+NL+M9HC8xeXG2I8pX5NoamTGNuomEUFI7fcUjA==",
      "requires": {
        "@types/color-name": "^1.1.1",
        "color-convert": "^2.0.1"
      }
    },
    "chalk": {
      "version": "4.0.0",
      "resolved": "https://registry.npmjs.org/chalk/-/chalk-4.0.0.tgz",
      "integrity": "sha512-N9oWFcegS0sFr9oh1oz2d7Npos6vNoWW9HvtCg5N1KRFpUhaAhvTv5Y58g880fZaEYSNm3qDz8SU1UrGvp+n7A==",
      "requires": {
        "ansi-styles": "^4.1.0",
        "supports-color": "^7.1.0"
      }
    },
    "color-convert": {
      "version": "2.0.1",
      "resolved": "https://registry.npmjs.org/color-convert/-/color-convert-2.0.1.tgz",
      "integrity": "sha512-RRECPsj7iu/xb5oKYcsFHSppFNnsj/52OVTRKb4zP5onXwVF3zVmmToNcOfGC+CRDpfK/U584fMg38ZHCaElKQ==",
      "requires": {
        "color-name": "~1.1.4"
      }
    },
    "color-name": {
      "version": "1.1.4",
      "resolved": "https://registry.npmjs.org/color-name/-/color-name-1.1.4.tgz",
      "integrity": "sha512-dOy+3AuW3a2wNbZHIuMZpTcgjGuLU/uBL/ubcZF9OXbDo8ff4O8yVp5Bf0efS8uEoYo5q4Fx7dY9OgQGXgAsQA=="
    },
    "cows": {
      "version": "2.1.0",
      "resolved": "https://registry.npmjs.org/cows/-/cows-2.1.0.tgz",
      "integrity": "sha512-Pj6j6+v2rbnW98KFQoVsia40k54rD5l8pHLarCF5JNYHRZzSCeLNnhpVDDO8EbRWRWHdy5LODb7FIt5j+NhE7A=="
    },
    "has-flag": {
      "version": "4.0.0",
      "resolved": "https://registry.npmjs.org/has-flag/-/has-flag-4.0.0.tgz",
      "integrity": "sha512-EykJT/Q1KjTWctppgIAgfSO0tKVuZUjhgMr17kqTumMl6Afv3EISleU7qZUzoXDFTAHTDC4NOoG/ZxU3EvlMPQ=="
    },
    "superheroes": {
      "version": "3.0.0",
      "resolved": "https://registry.npmjs.org/superheroes/-/superheroes-3.0.0.tgz",
      "integrity": "sha512-XXXzeKHMnf0rmZItYkGU803JlqYpoxvxzKFoe6k8C4bolcKfLZH716Rm4DyNJhxPTurbzDEB/QC7TXGsoei+ew==",
      "requires": {
        "unique-random-array": "^2.0.0"
      }
    },
    "supports-color": {
      "version": "7.1.0",
      "resolved": "https://registry.npmjs.org/supports-color/-/supports-color-7.1.0.tgz",
      "integrity": "sha512-oRSIpR8pxT1Wr2FquTNnGet79b3BWljqOuoW/h4oBhxJ/HUbX5nX6JSruTkvXDCFMwDPvsaTTbvMLKZWSy0R5g==",
      "requires": {
        "has-flag": "^4.0.0"
      }
    },
    "unique-random": {
      "version": "2.1.0",
      "resolved": "https://registry.npmjs.org/unique-random/-/unique-random-2.1.0.tgz",
      "integrity": "sha512-iQ1ZgWac3b8YxGThecQFRQiqgk6xFERRwHZIWeVVsqlbmgCRl0PY13R4mUkodNgctmg5b5odG1nyW/IbOxQTqg=="
    },
    "unique-random-array": {
      "version": "2.0.0",
      "resolved": "https://registry.npmjs.org/unique-random-array/-/unique-random-array-2.0.0.tgz",
      "integrity": "sha512-xR87O95fZ7hljw84J8r1YDXrvffPLWN513BNOP4Bv0KcgG5dyEUrHwsvP7mVAOKg4Y80uqRbpUk0GKr8il70qg==",
      "requires": {
        "unique-random": "^2.1.0"
      }
    }
  }
}
